{
  "nodes": {
    "flake-compat": {
      "flake": false,
      "locked": {
        "lastModified": 1733328505,
        "narHash": "sha256-NeCCThCEP3eCl2l/+27kNNK7QrwZB1IJCrXfrbv5oqU=",
        "owner": "edolstra",
        "repo": "flake-compat",
        "rev": "ff81ac966bb2cae68946d5ed5fc4994f96d0ffec",
        "type": "github"
      },
      "original": {
        "owner": "edolstra",
        "repo": "flake-compat",
        "type": "github"
      }
    },
    "flake-parts": {
      "inputs": {
        "nixpkgs-lib": [
          "nixpkgs"
        ]
      },
      "locked": {
        "lastModified": 1741352980,
        "narHash": "sha256-+u2UunDA4Cl5Fci3m7S643HzKmIDAe+fiXrLqYsR2fs=",
        "owner": "hercules-ci",
        "repo": "flake-parts",
        "rev": "f4330d22f1c5d2ba72d3d22df5597d123fdb60a9",
        "type": "github"
      },
      "original": {
        "owner": "hercules-ci",
        "repo": "flake-parts",
        "type": "github"
      }
    },
    "home-manager": {
      "inputs": {
        "nixpkgs": [
          "nixpkgs"
        ]
      },
      "locked": {
        "lastModified": 1743136572,
        "narHash": "sha256-uwaVrKgi6g1TUq56247j6QvvFtYHloCkjCrEpGBvV54=",
        "owner": "nix-community",
        "repo": "home-manager",
        "rev": "1efd2503172016a6742c87b47b43ca2c8145607d",
        "type": "github"
      },
      "original": {
        "owner": "nix-community",
        "repo": "home-manager",
        "type": "github"
      }
    },
    "nix-darwin": {
      "inputs": {
        "nixpkgs": [
          "nixpkgs"
        ]
      },
      "locked": {
        "lastModified": 1743125241,
        "narHash": "sha256-TA/xYqZbBwCCprXf8ABORDsjJy0Idw6OdQNqYQhgKCM=",
        "owner": "lnl7",
        "repo": "nix-darwin",
        "rev": "75f8e4dbc553d3052f917e66ee874f69d49c9981",
        "type": "github"
      },
      "original": {
        "owner": "lnl7",
        "repo": "nix-darwin",
        "type": "github"
      }
    },
    "nixos-wsl": {
      "inputs": {
        "flake-compat": "flake-compat",
        "nixpkgs": [
          "nixpkgs"
        ]
      },
      "locked": {
        "lastModified": 1743125458,
        "narHash": "sha256-0z+5AMacL2Eqo92fAd0eCWeKVecWrxPJwd5/BIfcdJ8=",
        "owner": "nix-community",
        "repo": "NixOS-WSL",
        "rev": "394c77f61ac76399290bfc2ef9d47b1fba31b215",
        "type": "github"
      },
      "original": {
        "owner": "nix-community",
        "ref": "main",
        "repo": "NixOS-WSL",
        "type": "github"
      }
    },
    "nixpkgs": {
      "locked": {
        "lastModified": 1742889210,
        "narHash": "sha256-hw63HnwnqU3ZQfsMclLhMvOezpM7RSB0dMAtD5/sOiw=",
        "owner": "NixOS",
        "repo": "nixpkgs",
        "rev": "698214a32beb4f4c8e3942372c694f40848b360d",
        "type": "github"
      },
      "original": {
        "owner": "NixOS",
        "ref": "nixos-unstable",
        "repo": "nixpkgs",
        "type": "github"
      }
    },
    "root": {
      "inputs": {
        "flake-parts": "flake-parts",
        "home-manager": "home-manager",
        "nix-darwin": "nix-darwin",
        "nixos-wsl": "nixos-wsl",
        "nixpkgs": "nixpkgs"
      }
    }
  },
  "root": "root",
  "version": 7
}
